// !$*UTF8*$!
{
	archiveVersion = 1;
	classes = {
	};
	objectVersion = 48;
	objects = {

/* Begin PBXBuildFile section */
		6A4DCD88212393E000EAB49E /* AppDelegate.swift in Sources */ = {isa = PBXBuildFile; fileRef = 6A4DCD87212393E000EAB49E /* AppDelegate.swift */; };
		6A4DCD8D212393E000EAB49E /* Main.storyboard in Resources */ = {isa = PBXBuildFile; fileRef = 6A4DCD8B212393E000EAB49E /* Main.storyboard */; };
		6A4DCD8F212393E000EAB49E /* Assets.xcassets in Resources */ = {isa = PBXBuildFile; fileRef = 6A4DCD8E212393E000EAB49E /* Assets.xcassets */; };
		6A4DCD92212393E000EAB49E /* LaunchScreen.storyboard in Resources */ = {isa = PBXBuildFile; fileRef = 6A4DCD90212393E000EAB49E /* LaunchScreen.storyboard */; };
		6A4DCD9B212394B100EAB49E /* Beer.swift in Sources */ = {isa = PBXBuildFile; fileRef = 6A4DCD9A212394B100EAB49E /* Beer.swift */; };
		6A4DCD9F212395BA00EAB49E /* BeersViewController.swift in Sources */ = {isa = PBXBuildFile; fileRef = 6A4DCD9E212395BA00EAB49E /* BeersViewController.swift */; };
		6A4DCDA1212395C800EAB49E /* DetailsViewController.swift in Sources */ = {isa = PBXBuildFile; fileRef = 6A4DCDA0212395C800EAB49E /* DetailsViewController.swift */; };
		6A4DCDA4212396E200EAB49E /* BeersTableViewCell.swift in Sources */ = {isa = PBXBuildFile; fileRef = 6A4DCDA2212396E200EAB49E /* BeersTableViewCell.swift */; };
		6A4DCDA5212396E200EAB49E /* BeersTableViewCell.xib in Resources */ = {isa = PBXBuildFile; fileRef = 6A4DCDA3212396E200EAB49E /* BeersTableViewCell.xib */; };
		6A9CCCEB2126268D0034417F /* NetworkRequest.swift in Sources */ = {isa = PBXBuildFile; fileRef = 6A9CCCEA2126268D0034417F /* NetworkRequest.swift */; };
		70C22EC396F7E5A531ABB6DF /* Pods_pagseguro_challenge.framework in Frameworks */ = {isa = PBXBuildFile; fileRef = FFFFCFE2CF523FAEB8991C18 /* Pods_pagseguro_challenge.framework */; };
/* End PBXBuildFile section */

/* Begin PBXFileReference section */
		13F35BDFE2DFAE4F53E2E19A /* Pods-pagseguro-challenge.debug.xcconfig */ = {isa = PBXFileReference; includeInIndex = 1; lastKnownFileType = text.xcconfig; name = "Pods-pagseguro-challenge.debug.xcconfig"; path = "Pods/Target Support Files/Pods-pagseguro-challenge/Pods-pagseguro-challenge.debug.xcconfig"; sourceTree = "<group>"; };
		67A22AF6EB244C820FA11CBD /* Pods-pagseguro-challenge.release.xcconfig */ = {isa = PBXFileReference; includeInIndex = 1; lastKnownFileType = text.xcconfig; name = "Pods-pagseguro-challenge.release.xcconfig"; path = "Pods/Target Support Files/Pods-pagseguro-challenge/Pods-pagseguro-challenge.release.xcconfig"; sourceTree = "<group>"; };
		6A4DCD84212393E000EAB49E /* pagseguro-challenge.app */ = {isa = PBXFileReference; explicitFileType = wrapper.application; includeInIndex = 0; path = "pagseguro-challenge.app"; sourceTree = BUILT_PRODUCTS_DIR; };
		6A4DCD87212393E000EAB49E /* AppDelegate.swift */ = {isa = PBXFileReference; lastKnownFileType = sourcecode.swift; path = AppDelegate.swift; sourceTree = "<group>"; };
		6A4DCD8C212393E000EAB49E /* Base */ = {isa = PBXFileReference; lastKnownFileType = file.storyboard; name = Base; path = Base.lproj/Main.storyboard; sourceTree = "<group>"; };
		6A4DCD8E212393E000EAB49E /* Assets.xcassets */ = {isa = PBXFileReference; lastKnownFileType = folder.assetcatalog; path = Assets.xcassets; sourceTree = "<group>"; };
		6A4DCD91212393E000EAB49E /* Base */ = {isa = PBXFileReference; lastKnownFileType = file.storyboard; name = Base; path = Base.lproj/LaunchScreen.storyboard; sourceTree = "<group>"; };
		6A4DCD93212393E000EAB49E /* Info.plist */ = {isa = PBXFileReference; lastKnownFileType = text.plist.xml; path = Info.plist; sourceTree = "<group>"; };
		6A4DCD9A212394B100EAB49E /* Beer.swift */ = {isa = PBXFileReference; lastKnownFileType = sourcecode.swift; path = Beer.swift; sourceTree = "<group>"; };
		6A4DCD9E212395BA00EAB49E /* BeersViewController.swift */ = {isa = PBXFileReference; lastKnownFileType = sourcecode.swift; path = BeersViewController.swift; sourceTree = "<group>"; };
		6A4DCDA0212395C800EAB49E /* DetailsViewController.swift */ = {isa = PBXFileReference; lastKnownFileType = sourcecode.swift; path = DetailsViewController.swift; sourceTree = "<group>"; };
		6A4DCDA2212396E200EAB49E /* BeersTableViewCell.swift */ = {isa = PBXFileReference; lastKnownFileType = sourcecode.swift; path = BeersTableViewCell.swift; sourceTree = "<group>"; };
		6A4DCDA3212396E200EAB49E /* BeersTableViewCell.xib */ = {isa = PBXFileReference; lastKnownFileType = file.xib; path = BeersTableViewCell.xib; sourceTree = "<group>"; };
		6A9CCCEA2126268D0034417F /* NetworkRequest.swift */ = {isa = PBXFileReference; lastKnownFileType = sourcecode.swift; path = NetworkRequest.swift; sourceTree = "<group>"; };
		FFFFCFE2CF523FAEB8991C18 /* Pods_pagseguro_challenge.framework */ = {isa = PBXFileReference; explicitFileType = wrapper.framework; includeInIndex = 0; path = Pods_pagseguro_challenge.framework; sourceTree = BUILT_PRODUCTS_DIR; };
/* End PBXFileReference section */

/* Begin PBXFrameworksBuildPhase section */
		6A4DCD81212393E000EAB49E /* Frameworks */ = {
			isa = PBXFrameworksBuildPhase;
			buildActionMask = 2147483647;
			files = (
				70C22EC396F7E5A531ABB6DF /* Pods_pagseguro_challenge.framework in Frameworks */,
			);
			runOnlyForDeploymentPostprocessing = 0;
		};
/* End PBXFrameworksBuildPhase section */

/* Begin PBXGroup section */
		4E5366873C0D4F3A101F54D1 /* Frameworks */ = {
			isa = PBXGroup;
			children = (
				FFFFCFE2CF523FAEB8991C18 /* Pods_pagseguro_challenge.framework */,
			);
			name = Frameworks;
			sourceTree = "<group>";
		};
		6A4DCD7B212393E000EAB49E = {
			isa = PBXGroup;
			children = (
				6A4DCD86212393E000EAB49E /* pagseguro-challenge */,
				6A4DCD85212393E000EAB49E /* Products */,
				E7C872BBC20341BB9AAE9852 /* Pods */,
				4E5366873C0D4F3A101F54D1 /* Frameworks */,
			);
			sourceTree = "<group>";
		};
		6A4DCD85212393E000EAB49E /* Products */ = {
			isa = PBXGroup;
			children = (
				6A4DCD84212393E000EAB49E /* pagseguro-challenge.app */,
			);
			name = Products;
			sourceTree = "<group>";
		};
		6A4DCD86212393E000EAB49E /* pagseguro-challenge */ = {
			isa = PBXGroup;
			children = (
				6A4DCD99212394A500EAB49E /* Entities */,
				6A9CCCE9212626700034417F /* Gateways */,
				6A4DCD9D2123952A00EAB49E /* Storyboards */,
				6A4DCD9C2123951D00EAB49E /* ViewControllers */,
				6A4DCD87212393E000EAB49E /* AppDelegate.swift */,
				6A4DCD8E212393E000EAB49E /* Assets.xcassets */,
				6A4DCD93212393E000EAB49E /* Info.plist */,
			);
			path = "pagseguro-challenge";
			sourceTree = "<group>";
		};
		6A4DCD99212394A500EAB49E /* Entities */ = {
			isa = PBXGroup;
			children = (
				6A4DCD9A212394B100EAB49E /* Beer.swift */,
			);
			path = Entities;
			sourceTree = "<group>";
		};
		6A4DCD9C2123951D00EAB49E /* ViewControllers */ = {
			isa = PBXGroup;
			children = (
				6A4DCDA2212396E200EAB49E /* BeersTableViewCell.swift */,
				6A4DCD9E212395BA00EAB49E /* BeersViewController.swift */,
				6A4DCDA0212395C800EAB49E /* DetailsViewController.swift */,
			);
			path = ViewControllers;
			sourceTree = "<group>";
		};
		6A4DCD9D2123952A00EAB49E /* Storyboards */ = {
			isa = PBXGroup;
			children = (
				6A4DCDA3212396E200EAB49E /* BeersTableViewCell.xib */,
				6A4DCD90212393E000EAB49E /* LaunchScreen.storyboard */,
				6A4DCD8B212393E000EAB49E /* Main.storyboard */,
			);
			path = Storyboards;
			sourceTree = "<group>";
		};
		6A9CCCE9212626700034417F /* Gateways */ = {
			isa = PBXGroup;
			children = (
				6A9CCCEA2126268D0034417F /* NetworkRequest.swift */,
			);
			path = Gateways;
			sourceTree = "<group>";
		};
		E7C872BBC20341BB9AAE9852 /* Pods */ = {
			isa = PBXGroup;
			children = (
				13F35BDFE2DFAE4F53E2E19A /* Pods-pagseguro-challenge.debug.xcconfig */,
				67A22AF6EB244C820FA11CBD /* Pods-pagseguro-challenge.release.xcconfig */,
			);
			name = Pods;
			sourceTree = "<group>";
		};
/* End PBXGroup section */

/* Begin PBXNativeTarget section */
		6A4DCD83212393E000EAB49E /* pagseguro-challenge */ = {
			isa = PBXNativeTarget;
			buildConfigurationList = 6A4DCD96212393E000EAB49E /* Build configuration list for PBXNativeTarget "pagseguro-challenge" */;
			buildPhases = (
				636C5AD74CE73B95B96C08ED /* [CP] Check Pods Manifest.lock */,
				6A4DCD80212393E000EAB49E /* Sources */,
				6A4DCD81212393E000EAB49E /* Frameworks */,
				6A4DCD82212393E000EAB49E /* Resources */,
				8DD261BE4DC3F04186EA4D5F /* [CP] Embed Pods Frameworks */,
				C534B64AFE580AAEFD2C04AB /* [CP] Copy Pods Resources */,
				6A9CCCE82124D2430034417F /* ShellScript */,
			);
			buildRules = (
			);
			dependencies = (
			);
			name = "pagseguro-challenge";
			productName = "pagseguro-challenge";
			productReference = 6A4DCD84212393E000EAB49E /* pagseguro-challenge.app */;
			productType = "com.apple.product-type.application";
		};
/* End PBXNativeTarget section */

/* Begin PBXProject section */
		6A4DCD7C212393E000EAB49E /* Project object */ = {
			isa = PBXProject;
			attributes = {
				LastSwiftUpdateCheck = 0920;
				LastUpgradeCheck = 0920;
				ORGANIZATIONNAME = "Luiza Garofalo";
				TargetAttributes = {
					6A4DCD83212393E000EAB49E = {
						CreatedOnToolsVersion = 9.2;
						ProvisioningStyle = Automatic;
					};
				};
			};
			buildConfigurationList = 6A4DCD7F212393E000EAB49E /* Build configuration list for PBXProject "pagseguro-challenge" */;
			compatibilityVersion = "Xcode 8.0";
			developmentRegion = en;
			hasScannedForEncodings = 0;
			knownRegions = (
				en,
				Base,
			);
			mainGroup = 6A4DCD7B212393E000EAB49E;
			productRefGroup = 6A4DCD85212393E000EAB49E /* Products */;
			projectDirPath = "";
			projectRoot = "";
			targets = (
				6A4DCD83212393E000EAB49E /* pagseguro-challenge */,
			);
		};
/* End PBXProject section */

/* Begin PBXResourcesBuildPhase section */
		6A4DCD82212393E000EAB49E /* Resources */ = {
			isa = PBXResourcesBuildPhase;
			buildActionMask = 2147483647;
			files = (
				6A4DCD92212393E000EAB49E /* LaunchScreen.storyboard in Resources */,
				6A4DCD8F212393E000EAB49E /* Assets.xcassets in Resources */,
				6A4DCD8D212393E000EAB49E /* Main.storyboard in Resources */,
				6A4DCDA5212396E200EAB49E /* BeersTableViewCell.xib in Resources */,
			);
			runOnlyForDeploymentPostprocessing = 0;
		};
/* End PBXResourcesBuildPhase section */

/* Begin PBXShellScriptBuildPhase section */
		636C5AD74CE73B95B96C08ED /* [CP] Check Pods Manifest.lock */ = {
			isa = PBXShellScriptBuildPhase;
			buildActionMask = 2147483647;
			files = (
			);
			inputPaths = (
				"${PODS_PODFILE_DIR_PATH}/Podfile.lock",
				"${PODS_ROOT}/Manifest.lock",
			);
			name = "[CP] Check Pods Manifest.lock";
			outputPaths = (
				"$(DERIVED_FILE_DIR)/Pods-pagseguro-challenge-checkManifestLockResult.txt",
			);
			runOnlyForDeploymentPostprocessing = 0;
			shellPath = /bin/sh;
			shellScript = "diff \"${PODS_PODFILE_DIR_PATH}/Podfile.lock\" \"${PODS_ROOT}/Manifest.lock\" > /dev/null\nif [ $? != 0 ] ; then\n    # print error to STDERR\n    echo \"error: The sandbox is not in sync with the Podfile.lock. Run 'pod install' or update your CocoaPods installation.\" >&2\n    exit 1\nfi\n# This output is used by Xcode 'outputs' to avoid re-running this script phase.\necho \"SUCCESS\" > \"${SCRIPT_OUTPUT_FILE_0}\"\n";
			showEnvVarsInLog = 0;
		};
		6A9CCCE82124D2430034417F /* ShellScript */ = {
			isa = PBXShellScriptBuildPhase;
			buildActionMask = 2147483647;
			files = (
			);
			inputPaths = (
			);
			outputPaths = (
			);
			runOnlyForDeploymentPostprocessing = 0;
			shellPath = /bin/sh;
			shellScript = "if which swiftlint >/dev/null; then\nswiftlint\nelse\necho \"warning: SwiftLint not installed, download from https://github.com/realm/SwiftLint\"\nfi";
		};
		8DD261BE4DC3F04186EA4D5F /* [CP] Embed Pods Frameworks */ = {
			isa = PBXShellScriptBuildPhase;
			buildActionMask = 2147483647;
			files = (
			);
			inputPaths = (
				"${SRCROOT}/Pods/Target Support Files/Pods-pagseguro-challenge/Pods-pagseguro-challenge-frameworks.sh",
				"${BUILT_PRODUCTS_DIR}/FLAnimatedImage/FLAnimatedImage.framework",
				"${BUILT_PRODUCTS_DIR}/SDWebImage/SDWebImage.framework",
			);
			name = "[CP] Embed Pods Frameworks";
			outputPaths = (
				"${TARGET_BUILD_DIR}/${FRAMEWORKS_FOLDER_PATH}/FLAnimatedImage.framework",
				"${TARGET_BUILD_DIR}/${FRAMEWORKS_FOLDER_PATH}/SDWebImage.framework",
			);
			runOnlyForDeploymentPostprocessing = 0;
			shellPath = /bin/sh;
			shellScript = "\"${SRCROOT}/Pods/Target Support Files/Pods-pagseguro-challenge/Pods-pagseguro-challenge-frameworks.sh\"\n";
			showEnvVarsInLog = 0;
		};
		C534B64AFE580AAEFD2C04AB /* [CP] Copy Pods Resources */ = {
			isa = PBXShellScriptBuildPhase;
			buildActionMask = 2147483647;
			files = (
			);
			inputPaths = (
			);
			name = "[CP] Copy Pods Resources";
			outputPaths = (
			);
			runOnlyForDeploymentPostprocessing = 0;
			shellPath = /bin/sh;
			shellScript = "\"${SRCROOT}/Pods/Target Support Files/Pods-pagseguro-challenge/Pods-pagseguro-challenge-resources.sh\"\n";
			showEnvVarsInLog = 0;
		};
/* End PBXShellScriptBuildPhase section */

/* Begin PBXSourcesBuildPhase section */
		6A4DCD80212393E000EAB49E /* Sources */ = {
			isa = PBXSourcesBuildPhase;
			buildActionMask = 2147483647;
			files = (
				6A4DCD9B212394B100EAB49E /* Beer.swift in Sources */,
				6A4DCD88212393E000EAB49E /* AppDelegate.swift in Sources */,
				6A4DCD9F212395BA00EAB49E /* BeersViewController.swift in Sources */,
				6A4DCDA4212396E200EAB49E /* BeersTableViewCell.swift in Sources */,
				6A9CCCEB2126268D0034417F /* NetworkRequest.swift in Sources */,
				6A4DCDA1212395C800EAB49E /* DetailsViewController.swift in Sources */,
			);
			runOnlyForDeploymentPostprocessing = 0;
		};
/* End PBXSourcesBuildPhase section */

/* Begin PBXVariantGroup section */
		6A4DCD8B212393E000EAB49E /* Main.storyboard */ = {
			isa = PBXVariantGroup;
			children = (
				6A4DCD8C212393E000EAB49E /* Base */,
			);
			name = Main.storyboard;
			sourceTree = "<group>";
		};
		6A4DCD90212393E000EAB49E /* LaunchScreen.storyboard */ = {
			isa = PBXVariantGroup;
			children = (
				6A4DCD91212393E000EAB49E /* Base */,
			);
			name = LaunchScreen.storyboard;
			sourceTree = "<group>";
		};
/* End PBXVariantGroup section */

/* Begin XCBuildConfiguration section */
		6A4DCD94212393E000EAB49E /* Debug */ = {
			isa = XCBuildConfiguration;
			buildSettings = {
				ALWAYS_SEARCH_USER_PATHS = NO;
				CLANG_ANALYZER_NONNULL = YES;
				CLANG_ANALYZER_NUMBER_OBJECT_CONVERSION = YES_AGGRESSIVE;
				CLANG_CXX_LANGUAGE_STANDARD = "gnu++14";
				CLANG_CXX_LIBRARY = "libc++";
				CLANG_ENABLE_MODULES = YES;
				CLANG_ENABLE_OBJC_ARC = YES;
				CLANG_WARN_BLOCK_CAPTURE_AUTORELEASING = YES;
				CLANG_WARN_BOOL_CONVERSION = YES;
				CLANG_WARN_COMMA = YES;
				CLANG_WARN_CONSTANT_CONVERSION = YES;
				CLANG_WARN_DIRECT_OBJC_ISA_USAGE = YES_ERROR;
				CLANG_WARN_DOCUMENTATION_COMMENTS = YES;
				CLANG_WARN_EMPTY_BODY = YES;
				CLANG_WARN_ENUM_CONVERSION = YES;
				CLANG_WARN_INFINITE_RECURSION = YES;
				CLANG_WARN_INT_CONVERSION = YES;
				CLANG_WARN_NON_LITERAL_NULL_CONVERSION = YES;
				CLANG_WARN_OBJC_LITERAL_CONVERSION = YES;
				CLANG_WARN_OBJC_ROOT_CLASS = YES_ERROR;
				CLANG_WARN_RANGE_LOOP_ANALYSIS = YES;
				CLANG_WARN_STRICT_PROTOTYPES = YES;
				CLANG_WARN_SUSPICIOUS_MOVE = YES;
				CLANG_WARN_UNGUARDED_AVAILABILITY = YES_AGGRESSIVE;
				CLANG_WARN_UNREACHABLE_CODE = YES;
				CLANG_WARN__DUPLICATE_METHOD_MATCH = YES;
				CODE_SIGN_IDENTITY = "iPhone Developer";
				COPY_PHASE_STRIP = NO;
				DEBUG_INFORMATION_FORMAT = dwarf;
				ENABLE_STRICT_OBJC_MSGSEND = YES;
				ENABLE_TESTABILITY = YES;
				GCC_C_LANGUAGE_STANDARD = gnu11;
				GCC_DYNAMIC_NO_PIC = NO;
				GCC_NO_COMMON_BLOCKS = YES;
				GCC_OPTIMIZATION_LEVEL = 0;
				GCC_PREPROCESSOR_DEFINITIONS = (
					"DEBUG=1",
					"$(inherited)",
				);
				GCC_WARN_64_TO_32_BIT_CONVERSION = YES;
				GCC_WARN_ABOUT_RETURN_TYPE = YES_ERROR;
				GCC_WARN_UNDECLARED_SELECTOR = YES;
				GCC_WARN_UNINITIALIZED_AUTOS = YES_AGGRESSIVE;
				GCC_WARN_UNUSED_FUNCTION = YES;
				GCC_WARN_UNUSED_VARIABLE = YES;
				IPHONEOS_DEPLOYMENT_TARGET = 11.2;
				MTL_ENABLE_DEBUG_INFO = YES;
				ONLY_ACTIVE_ARCH = YES;
				SDKROOT = iphoneos;
				SWIFT_ACTIVE_COMPILATION_CONDITIONS = DEBUG;
				SWIFT_OPTIMIZATION_LEVEL = "-Onone";
			};
			name = Debug;
		};
		6A4DCD95212393E000EAB49E /* Release */ = {
			isa = XCBuildConfiguration;
			buildSettings = {
				ALWAYS_SEARCH_USER_PATHS = NO;
				CLANG_ANALYZER_NONNULL = YES;
				CLANG_ANALYZER_NUMBER_OBJECT_CONVERSION = YES_AGGRESSIVE;
				CLANG_CXX_LANGUAGE_STANDARD = "gnu++14";
				CLANG_CXX_LIBRARY = "libc++";
				CLANG_ENABLE_MODULES = YES;
				CLANG_ENABLE_OBJC_ARC = YES;
				CLANG_WARN_BLOCK_CAPTURE_AUTORELEASING = YES;
				CLANG_WARN_BOOL_CONVERSION = YES;
				CLANG_WARN_COMMA = YES;
				CLANG_WARN_CONSTANT_CONVERSION = YES;
				CLANG_WARN_DIRECT_OBJC_ISA_USAGE = YES_ERROR;
				CLANG_WARN_DOCUMENTATION_COMMENTS = YES;
				CLANG_WARN_EMPTY_BODY = YES;
				CLANG_WARN_ENUM_CONVERSION = YES;
				CLANG_WARN_INFINITE_RECURSION = YES;
				CLANG_WARN_INT_CONVERSION = YES;
				CLANG_WARN_NON_LITERAL_NULL_CONVERSION = YES;
				CLANG_WARN_OBJC_LITERAL_CONVERSION = YES;
				CLANG_WARN_OBJC_ROOT_CLASS = YES_ERROR;
				CLANG_WARN_RANGE_LOOP_ANALYSIS = YES;
				CLANG_WARN_STRICT_PROTOTYPES = YES;
				CLANG_WARN_SUSPICIOUS_MOVE = YES;
				CLANG_WARN_UNGUARDED_AVAILABILITY = YES_AGGRESSIVE;
				CLANG_WARN_UNREACHABLE_CODE = YES;
				CLANG_WARN__DUPLICATE_METHOD_MATCH = YES;
				CODE_SIGN_IDENTITY = "iPhone Developer";
				COPY_PHASE_STRIP = NO;
				DEBUG_INFORMATION_FORMAT = "dwarf-with-dsym";
				ENABLE_NS_ASSERTIONS = NO;
				ENABLE_STRICT_OBJC_MSGSEND = YES;
				GCC_C_LANGUAGE_STANDARD = gnu11;
				GCC_NO_COMMON_BLOCKS = YES;
				GCC_WARN_64_TO_32_BIT_CONVERSION = YES;
				GCC_WARN_ABOUT_RETURN_TYPE = YES_ERROR;
				GCC_WARN_UNDECLARED_SELECTOR = YES;
				GCC_WARN_UNINITIALIZED_AUTOS = YES_AGGRESSIVE;
				GCC_WARN_UNUSED_FUNCTION = YES;
				GCC_WARN_UNUSED_VARIABLE = YES;
				IPHONEOS_DEPLOYMENT_TARGET = 11.2;
				MTL_ENABLE_DEBUG_INFO = NO;
				SDKROOT = iphoneos;
				SWIFT_OPTIMIZATION_LEVEL = "-Owholemodule";
				VALIDATE_PRODUCT = YES;
			};
			name = Release;
		};
		6A4DCD97212393E000EAB49E /* Debug */ = {
			isa = XCBuildConfiguration;
			baseConfigurationReference = 13F35BDFE2DFAE4F53E2E19A /* Pods-pagseguro-challenge.debug.xcconfig */;
			buildSettings = {
				ASSETCATALOG_COMPILER_APPICON_NAME = AppIcon;
				CODE_SIGN_STYLE = Automatic;
				INFOPLIST_FILE = "pagseguro-challenge/Info.plist";
				LD_RUNPATH_SEARCH_PATHS = "$(inherited) @executable_path/Frameworks";
				PRODUCT_BUNDLE_IDENTIFIER = "luizagarofalo.pagseguro-challenge";
				PRODUCT_NAME = "$(TARGET_NAME)";
				SWIFT_VERSION = 4.0;
				TARGETED_DEVICE_FAMILY = "1,2";
			};
			name = Debug;
		};
		6A4DCD98212393E000EAB49E /* Release */ = {
			isa = XCBuildConfiguration;
			baseConfigurationReference = 67A22AF6EB244C820FA11CBD /* Pods-pagseguro-challenge.release.xcconfig */;
			buildSettings = {
				ASSETCATALOG_COMPILER_APPICON_NAME = AppIcon;
				CODE_SIGN_STYLE = Automatic;
				INFOPLIST_FILE = "pagseguro-challenge/Info.plist";
				LD_RUNPATH_SEARCH_PATHS = "$(inherited) @executable_path/Frameworks";
				PRODUCT_BUNDLE_IDENTIFIER = "luizagarofalo.pagseguro-challenge";
				PRODUCT_NAME = "$(TARGET_NAME)";
				SWIFT_VERSION = 4.0;
				TARGETED_DEVICE_FAMILY = "1,2";
			};
			name = Release;
		};
/* End XCBuildConfiguration section */

/* Begin XCConfigurationList section */
		6A4DCD7F212393E000EAB49E /* Build configuration list for PBXProject "pagseguro-challenge" */ = {
			isa = XCConfigurationList;
			buildConfigurations = (
				6A4DCD94212393E000EAB49E /* Debug */,
				6A4DCD95212393E000EAB49E /* Release */,
			);
			defaultConfigurationIsVisible = 0;
			defaultConfigurationName = Release;
		};
		6A4DCD96212393E000EAB49E /* Build configuration list for PBXNativeTarget "pagseguro-challenge" */ = {
			isa = XCConfigurationList;
			buildConfigurations = (
				6A4DCD97212393E000EAB49E /* Debug */,
				6A4DCD98212393E000EAB49E /* Release */,
			);
			defaultConfigurationIsVisible = 0;
			defaultConfigurationName = Release;
		};
/* End XCConfigurationList section */
	};
	rootObject = 6A4DCD7C212393E000EAB49E /* Project object */;
}
